{
  "nodes": {
    "crane": {
      "locked": {
        "lastModified": 1741479724,
        "narHash": "sha256-fnyETBKSVRa5abjOiRG/IAzKZq5yX8U6oRrHstPl4VM=",
        "owner": "ipetkov",
        "repo": "crane",
        "rev": "60202a2e3597a3d91f5e791aab03f45470a738b5",
        "type": "github"
      },
      "original": {
        "owner": "ipetkov",
        "ref": "v0.20.2",
        "repo": "crane",
        "type": "github"
      }
    },
    "docker-spider": {
      "inputs": {
        "crane": [
          "nixlib",
          "crane"
        ],
        "fenix": "fenix_2",
        "flake-utils": [
          "nixlib",
          "flake-utils"
        ],
        "nixpkgs": [
          "nixlib",
          "nixpkgs-do-not-override"
        ]
      },
      "locked": {
        "lastModified": 1743696137,
        "narHash": "sha256-hS5JEBusyiYgRVohEoB61DgW0VVAFt6HkZqeddaGk3I=",
        "ref": "refs/heads/master",
        "rev": "061cc0652c548e3792b9e360788a44a137605c61",
        "revCount": 10,
        "type": "git",
        "url": "ssh://git@gitlab.ii.zone/bos/docker-spider"
      },
      "original": {
        "type": "git",
        "url": "ssh://git@gitlab.ii.zone/bos/docker-spider"
      }
    },
    "fenix": {
      "inputs": {
        "nixpkgs": [
          "nixpkgs"
        ],
        "rust-analyzer-src": "rust-analyzer-src"
      },
      "locked": {
        "lastModified": 1764915802,
        "narHash": "sha256-eHTucU43sRCpvvTt5eey9htcWipS7ZN3B7ts6MiXLxo=",
        "owner": "nix-community",
        "repo": "fenix",
        "rev": "a83a78fd3587d9f3388f0b459ad9c2bbd6d1b6d8",
        "type": "github"
      },
      "original": {
        "owner": "nix-community",
        "repo": "fenix",
        "type": "github"
      }
    },
    "fenix_2": {
      "inputs": {
        "nixpkgs": [
          "nixlib",
          "docker-spider",
          "nixpkgs"
        ],
        "rust-analyzer-src": "rust-analyzer-src_2"
      },
      "locked": {
        "lastModified": 1722580276,
        "narHash": "sha256-VaNcSh7n8OaFW/DJsR6Fm23V+EGpSei0DyF71RKB+90=",
        "owner": "nix-community",
        "repo": "fenix",
        "rev": "286f371b3cfeaa5c856c8e6dfb893018e86cc947",
        "type": "github"
      },
      "original": {
        "owner": "nix-community",
        "repo": "fenix",
        "type": "github"
      }
    },
    "flake-utils": {
      "inputs": {
        "systems": "systems"
      },
      "locked": {
        "lastModified": 1731533236,
        "narHash": "sha256-l0KFg5HjrsfsO/JpG+r7fRrqm12kzFHyUHqHCVpMMbI=",
        "owner": "numtide",
        "repo": "flake-utils",
        "rev": "11707dc2f618dd54ca8739b309ec4fc024de578b",
        "type": "github"
      },
      "original": {
        "owner": "numtide",
        "repo": "flake-utils",
        "type": "github"
      }
    },
    "flake-utils_2": {
      "inputs": {
        "systems": "systems_2"
      },
      "locked": {
        "lastModified": 1731533236,
        "narHash": "sha256-l0KFg5HjrsfsO/JpG+r7fRrqm12kzFHyUHqHCVpMMbI=",
        "owner": "numtide",
        "repo": "flake-utils",
        "rev": "11707dc2f618dd54ca8739b309ec4fc024de578b",
        "type": "github"
      },
      "original": {
        "owner": "numtide",
        "repo": "flake-utils",
        "type": "github"
      }
    },
    "nix-filter": {
      "locked": {
        "lastModified": 1731533336,
        "narHash": "sha256-oRam5PS1vcrr5UPgALW0eo1m/5/pls27Z/pabHNy2Ms=",
        "owner": "numtide",
        "repo": "nix-filter",
        "rev": "f7653272fd234696ae94229839a99b73c9ab7de0",
        "type": "github"
      },
      "original": {
        "owner": "numtide",
        "repo": "nix-filter",
        "type": "github"
      }
    },
    "nixlib": {
      "inputs": {
        "crane": "crane",
        "docker-spider": "docker-spider",
        "flake-utils": "flake-utils_2",
        "nix-filter": "nix-filter",
        "nixpkgs-do-not-override": "nixpkgs-do-not-override"
      },
      "locked": {
        "lastModified": 1772400321,
        "narHash": "sha256-aZF3SW+BbqhjW7TdBKpc+Yyfzt5zXhqZk8IX1DLT5T8=",
        "ref": "fbo/BDK-318/merged",
        "rev": "c335b5a5404c5f4d40927de7d66952d4eaaac7ce",
        "revCount": 112,
        "type": "git",
        "url": "ssh://git@gitlab.ii.zone/nix/lib"
      },
      "original": {
        "ref": "fbo/BDK-318/merged",
        "type": "git",
        "url": "ssh://git@gitlab.ii.zone/nix/lib"
      }
    },
    "nixpkgs": {
      "locked": {
        "lastModified": 1764856222,
        "narHash": "sha256-yEJmtoFu4cJre1NuU4fb8q57Oux+NTbocnALtJ64aEI=",
        "owner": "nixos",
        "repo": "nixpkgs",
        "rev": "ece6e266caf1effab32eceef0403b797b4330373",
        "type": "github"
      },
      "original": {
        "owner": "nixos",
        "ref": "nixpkgs-unstable",
        "repo": "nixpkgs",
        "type": "github"
      }
    },
    "nixpkgs-do-not-override": {
      "locked": {
        "lastModified": 1764611609,
        "narHash": "sha256-yU9BNcP0oadUKupw0UKmO9BKDOVIg9NStdJosEbXf8U=",
        "owner": "NixOS",
        "repo": "nixpkgs",
        "rev": "8c29968b3a942f2903f90797f9623737c215737c",
        "type": "github"
      },
      "original": {
        "owner": "NixOS",
        "ref": "nixpkgs-unstable",
        "repo": "nixpkgs",
        "type": "github"
      }
    },
    "root": {
      "inputs": {
        "fenix": "fenix",
        "flake-utils": "flake-utils",
        "nixlib": "nixlib",
        "nixpkgs": "nixpkgs"
      }
    },
    "rust-analyzer-src": {
      "flake": false,
      "locked": {
        "lastModified": 1764778537,
        "narHash": "sha256-SNL+Fj1ZWiBqCrHJT1S9vMZujrWxCOmf3zkT66XSnhE=",
        "owner": "rust-lang",
        "repo": "rust-analyzer",
        "rev": "633cff25206d5108043d87617a43c9d04aa42c88",
        "type": "github"
      },
      "original": {
        "owner": "rust-lang",
        "ref": "nightly",
        "repo": "rust-analyzer",
        "type": "github"
      }
    },
    "rust-analyzer-src_2": {
      "flake": false,
      "locked": {
        "lastModified": 1722521768,
        "narHash": "sha256-FvJ4FaMy1kJbZ3Iw1RyvuiUAsbHJXoU2HwylzaFzj1o=",
        "owner": "rust-lang",
        "repo": "rust-analyzer",
        "rev": "f149dc5029d8406fae8b2c541603bcac06e30deb",
        "type": "github"
      },
      "original": {
        "owner": "rust-lang",
        "ref": "nightly",
        "repo": "rust-analyzer",
        "type": "github"
      }
    },
    "systems": {
      "locked": {
        "lastModified": 1681028828,
        "narHash": "sha256-Vy1rq5AaRuLzOxct8nz4T6wlgyUR7zLU309k9mBC768=",
        "owner": "nix-systems",
        "repo": "default",
        "rev": "da67096a3b9bf56a91d16901293e51ba5b49a27e",
        "type": "github"
      },
      "original": {
        "owner": "nix-systems",
        "repo": "default",
        "type": "github"
      }
    },
    "systems_2": {
      "locked": {
        "lastModified": 1681028828,
        "narHash": "sha256-Vy1rq5AaRuLzOxct8nz4T6wlgyUR7zLU309k9mBC768=",
        "owner": "nix-systems",
        "repo": "default",
        "rev": "da67096a3b9bf56a91d16901293e51ba5b49a27e",
        "type": "github"
      },
      "original": {
        "owner": "nix-systems",
        "repo": "default",
        "type": "github"
      }
    }
  },
  "root": "root",
  "version": 7
}
